
Microsoft Visual Studio Solution File, Format Version 12.00
# Visual Studio Version 16
VisualStudioVersion = 16.0.31424.327
MinimumVisualStudioVersion = 10.0.40219.1
Project("{9A19103F-16F7-4668-BE54-9A1E7A4F7556}") = "EmpApp", "EmpApp\EmpApp.csproj", "{7A1E61E1-DF76-4B55-B90B-DA65B72D6523}"
EndProject
Global
	GlobalSection(SolutionConfigurationPlatforms) = preSolution
		Debug|Any CPU = Debug|Any CPU
		Release|Any CPU = Release|Any CPU
	EndGlobalSection
	GlobalSection(ProjectConfigurationPlatforms) = postSolution
		{7A1E61E1-DF76-4B55-B90B-DA65B72D6523}.Debug|Any CPU.ActiveCfg = Debug|Any CPU
		{7A1E61E1-DF76-4B55-B90B-DA65B72D6523}.Debug|Any CPU.Build.0 = Debug|Any CPU
		{7A1E61E1-DF76-4B55-B90B-DA65B72D6523}.Release|Any CPU.ActiveCfg = Release|Any CPU
		{7A1E61E1-DF76-4B55-B90B-DA65B72D6523}.Release|Any CPU.Build.0 = Release|Any CPU
	EndGlobalSection
	GlobalSection(SolutionProperties) = preSolution
		HideSolutionNode = FALSE
	EndGlobalSection
	GlobalSection(ExtensibilityGlobals) = postSolution
		SolutionGuid = {3F5F00F0-1A59-4B77-AC72-80AB55AD53FF}
	EndGlobalSection
EndGlobal
